
Microsoft Visual Studio Solution File, Format Version 12.00
# Visual Studio Version 17
VisualStudioVersion = 17.5.33424.131
MinimumVisualStudioVersion = 10.0.40219.1
Project("{8BC9CEB8-8B4A-11D0-8D11-00A0C91BC942}") = "DCSDecoder", "DCSDecoder\DCSDecoder.vcxproj", "{0E7A7B73-7B39-4C7E-BE58-E485DBC6DF63}"
	ProjectSection(ProjectDependencies) = postProject
		{AB557289-2EF4-4213-842A-593F40F1475A} = {AB557289-2EF4-4213-842A-593F40F1475A}
	EndProjectSection
EndProject
Project("{8BC9CEB8-8B4A-11D0-8D11-00A0C91BC942}") = "DCSEncoder", "DCSEncoder\DCSEncoder.vcxproj", "{02985F62-C7C0-443B-AA25-7E6779D48658}"
	ProjectSection(ProjectDependencies) = postProject
		{0E7A7B73-7B39-4C7E-BE58-E485DBC6DF63} = {0E7A7B73-7B39-4C7E-BE58-E485DBC6DF63}
		{436D0FAB-C75A-3EB1-9814-5C4AFA35F889} = {436D0FAB-C75A-3EB1-9814-5C4AFA35F889}
		{AB557289-2EF4-4213-842A-593F40F1475A} = {AB557289-2EF4-4213-842A-593F40F1475A}
		{B49E0694-D6E5-4C79-A524-C5D86553597E} = {B49E0694-D6E5-4C79-A524-C5D86553597E}
	EndProjectSection
EndProject
Project("{8BC9CEB8-8B4A-11D0-8D11-00A0C91BC942}") = "DCSEncoderTester", "DCSEncoderTester\DCSEncoderTester.vcxproj", "{2AD86E83-8293-4DA8-BB15-11E0D8C57A76}"
	ProjectSection(ProjectDependencies) = postProject
		{02985F62-C7C0-443B-AA25-7E6779D48658} = {02985F62-C7C0-443B-AA25-7E6779D48658}
		{0E7A7B73-7B39-4C7E-BE58-E485DBC6DF63} = {0E7A7B73-7B39-4C7E-BE58-E485DBC6DF63}
		{192D6309-D38E-4F66-BA6F-951B659D9A37} = {192D6309-D38E-4F66-BA6F-951B659D9A37}
	EndProjectSection
EndProject
Project("{8BC9CEB8-8B4A-11D0-8D11-00A0C91BC942}") = "DCSExplorer", "DCSExplorer\DCSExplorer.vcxproj", "{80C7270B-AF2F-4552-ABA2-0A4CCFA67B0B}"
	ProjectSection(ProjectDependencies) = postProject
		{02E448ED-44A0-4C78-B476-9D7CE424F362} = {02E448ED-44A0-4C78-B476-9D7CE424F362}
		{0E7A7B73-7B39-4C7E-BE58-E485DBC6DF63} = {0E7A7B73-7B39-4C7E-BE58-E485DBC6DF63}
		{B49E0694-D6E5-4C79-A524-C5D86553597E} = {B49E0694-D6E5-4C79-A524-C5D86553597E}
	EndProjectSection
EndProject
Project("{8BC9CEB8-8B4A-11D0-8D11-00A0C91BC942}") = "HiResTimer", "HiResTimer\HiResTimer.vcxproj", "{192D6309-D38E-4F66-BA6F-951B659D9A37}"
EndProject
Project("{8BC9CEB8-8B4A-11D0-8D11-00A0C91BC942}") = "libnyquist", "libnyquist\libnyquist.vcxproj", "{436D0FAB-C75A-3EB1-9814-5C4AFA35F889}"
EndProject
Project("{8BC9CEB8-8B4A-11D0-8D11-00A0C91BC942}") = "libsamplerate", "libsamplerate\libsamplerate.vcxproj", "{B49E0694-D6E5-4C79-A524-C5D86553597E}"
EndProject
Project("{8BC9CEB8-8B4A-11D0-8D11-00A0C91BC942}") = "miniz", "miniz\miniz.vcxproj", "{AB557289-2EF4-4213-842A-593F40F1475A}"
EndProject
Project("{8BC9CEB8-8B4A-11D0-8D11-00A0C91BC942}") = "SimpleWindowsAudio", "SimpleWindowsAudio\SimpleWindowsAudio.vcxproj", "{02E448ED-44A0-4C78-B476-9D7CE424F362}"
	ProjectSection(ProjectDependencies) = postProject
		{192D6309-D38E-4F66-BA6F-951B659D9A37} = {192D6309-D38E-4F66-BA6F-951B659D9A37}
	EndProjectSection
EndProject
Global
	GlobalSection(SolutionConfigurationPlatforms) = preSolution
		Debug|x64 = Debug|x64
		Debug|x86 = Debug|x86
		Release|x64 = Release|x64
		Release|x86 = Release|x86
	EndGlobalSection
	GlobalSection(ProjectConfigurationPlatforms) = postSolution
		{0E7A7B73-7B39-4C7E-BE58-E485DBC6DF63}.Debug|x64.ActiveCfg = Debug|x64
		{0E7A7B73-7B39-4C7E-BE58-E485DBC6DF63}.Debug|x64.Build.0 = Debug|x64
		{0E7A7B73-7B39-4C7E-BE58-E485DBC6DF63}.Debug|x86.ActiveCfg = Debug|Win32
		{0E7A7B73-7B39-4C7E-BE58-E485DBC6DF63}.Debug|x86.Build.0 = Debug|Win32
		{0E7A7B73-7B39-4C7E-BE58-E485DBC6DF63}.Release|x64.ActiveCfg = Release|x64
		{0E7A7B73-7B39-4C7E-BE58-E485DBC6DF63}.Release|x64.Build.0 = Release|x64
		{0E7A7B73-7B39-4C7E-BE58-E485DBC6DF63}.Release|x86.ActiveCfg = Release|Win32
		{0E7A7B73-7B39-4C7E-BE58-E485DBC6DF63}.Release|x86.Build.0 = Release|Win32
		{02985F62-C7C0-443B-AA25-7E6779D48658}.Debug|x64.ActiveCfg = Debug|x64
		{02985F62-C7C0-443B-AA25-7E6779D48658}.Debug|x64.Build.0 = Debug|x64
		{02985F62-C7C0-443B-AA25-7E6779D48658}.Debug|x86.ActiveCfg = Debug|Win32
		{02985F62-C7C0-443B-AA25-7E6779D48658}.Debug|x86.Build.0 = Debug|Win32
		{02985F62-C7C0-443B-AA25-7E6779D48658}.Release|x64.ActiveCfg = Release|x64
		{02985F62-C7C0-443B-AA25-7E6779D48658}.Release|x64.Build.0 = Release|x64
		{02985F62-C7C0-443B-AA25-7E6779D48658}.Release|x86.ActiveCfg = Release|Win32
		{02985F62-C7C0-443B-AA25-7E6779D48658}.Release|x86.Build.0 = Release|Win32
		{2AD86E83-8293-4DA8-BB15-11E0D8C57A76}.Debug|x64.ActiveCfg = Debug|x64
		{2AD86E83-8293-4DA8-BB15-11E0D8C57A76}.Debug|x64.Build.0 = Debug|x64
		{2AD86E83-8293-4DA8-BB15-11E0D8C57A76}.Debug|x86.ActiveCfg = Debug|Win32
		{2AD86E83-8293-4DA8-BB15-11E0D8C57A76}.Debug|x86.Build.0 = Debug|Win32
		{2AD86E83-8293-4DA8-BB15-11E0D8C57A76}.Release|x64.ActiveCfg = Release|x64
		{2AD86E83-8293-4DA8-BB15-11E0D8C57A76}.Release|x64.Build.0 = Release|x64
		{2AD86E83-8293-4DA8-BB15-11E0D8C57A76}.Release|x86.ActiveCfg = Release|Win32
		{2AD86E83-8293-4DA8-BB15-11E0D8C57A76}.Release|x86.Build.0 = Release|Win32
		{80C7270B-AF2F-4552-ABA2-0A4CCFA67B0B}.Debug|x64.ActiveCfg = Debug|x64
		{80C7270B-AF2F-4552-ABA2-0A4CCFA67B0B}.Debug|x64.Build.0 = Debug|x64
		{80C7270B-AF2F-4552-ABA2-0A4CCFA67B0B}.Debug|x86.ActiveCfg = Debug|Win32
		{80C7270B-AF2F-4552-ABA2-0A4CCFA67B0B}.Debug|x86.Build.0 = Debug|Win32
		{80C7270B-AF2F-4552-ABA2-0A4CCFA67B0B}.Release|x64.ActiveCfg = Release|x64
		{80C7270B-AF2F-4552-ABA2-0A4CCFA67B0B}.Release|x64.Build.0 = Release|x64
		{80C7270B-AF2F-4552-ABA2-0A4CCFA67B0B}.Release|x86.ActiveCfg = Release|Win32
		{80C7270B-AF2F-4552-ABA2-0A4CCFA67B0B}.Release|x86.Build.0 = Release|Win32
		{192D6309-D38E-4F66-BA6F-951B659D9A37}.Debug|x64.ActiveCfg = Debug|x64
		{192D6309-D38E-4F66-BA6F-951B659D9A37}.Debug|x64.Build.0 = Debug|x64
		{192D6309-D38E-4F66-BA6F-951B659D9A37}.Debug|x86.ActiveCfg = Debug|Win32
		{192D6309-D38E-4F66-BA6F-951B659D9A37}.Debug|x86.Build.0 = Debug|Win32
		{192D6309-D38E-4F66-BA6F-951B659D9A37}.Release|x64.ActiveCfg = Release|x64
		{192D6309-D38E-4F66-BA6F-951B659D9A37}.Release|x64.Build.0 = Release|x64
		{192D6309-D38E-4F66-BA6F-951B659D9A37}.Release|x86.ActiveCfg = Release|Win32
		{192D6309-D38E-4F66-BA6F-951B659D9A37}.Release|x86.Build.0 = Release|Win32
		{436D0FAB-C75A-3EB1-9814-5C4AFA35F889}.Debug|x64.ActiveCfg = Debug|x64
		{436D0FAB-C75A-3EB1-9814-5C4AFA35F889}.Debug|x64.Build.0 = Debug|x64
		{436D0FAB-C75A-3EB1-9814-5C4AFA35F889}.Debug|x86.ActiveCfg = Debug|Win32
		{436D0FAB-C75A-3EB1-9814-5C4AFA35F889}.Debug|x86.Build.0 = Debug|Win32
		{436D0FAB-C75A-3EB1-9814-5C4AFA35F889}.Release|x64.ActiveCfg = Release|x64
		{436D0FAB-C75A-3EB1-9814-5C4AFA35F889}.Release|x64.Build.0 = Release|x64
		{436D0FAB-C75A-3EB1-9814-5C4AFA35F889}.Release|x86.ActiveCfg = Release|Win32
		{436D0FAB-C75A-3EB1-9814-5C4AFA35F889}.Release|x86.Build.0 = Release|Win32
		{B49E0694-D6E5-4C79-A524-C5D86553597E}.Debug|x64.ActiveCfg = Debug|x64
		{B49E0694-D6E5-4C79-A524-C5D86553597E}.Debug|x64.Build.0 = Debug|x64
		{B49E0694-D6E5-4C79-A524-C5D86553597E}.Debug|x86.ActiveCfg = Debug|Win32
		{B49E0694-D6E5-4C79-A524-C5D86553597E}.Debug|x86.Build.0 = Debug|Win32
		{B49E0694-D6E5-4C79-A524-C5D86553597E}.Release|x64.ActiveCfg = Release|x64
		{B49E0694-D6E5-4C79-A524-C5D86553597E}.Release|x64.Build.0 = Release|x64
		{B49E0694-D6E5-4C79-A524-C5D86553597E}.Release|x86.ActiveCfg = Release|Win32
		{B49E0694-D6E5-4C79-A524-C5D86553597E}.Release|x86.Build.0 = Release|Win32
		{AB557289-2EF4-4213-842A-593F40F1475A}.Debug|x64.ActiveCfg = Debug|x64
		{AB557289-2EF4-4213-842A-593F40F1475A}.Debug|x64.Build.0 = Debug|x64
		{AB557289-2EF4-4213-842A-593F40F1475A}.Debug|x86.ActiveCfg = Debug|Win32
		{AB557289-2EF4-4213-842A-593F40F1475A}.Debug|x86.Build.0 = Debug|Win32
		{AB557289-2EF4-4213-842A-593F40F1475A}.Release|x64.ActiveCfg = Release|x64
		{AB557289-2EF4-4213-842A-593F40F1475A}.Release|x64.Build.0 = Release|x64
		{AB557289-2EF4-4213-842A-593F40F1475A}.Release|x86.ActiveCfg = Release|Win32
		{AB557289-2EF4-4213-842A-593F40F1475A}.Release|x86.Build.0 = Release|Win32
		{02E448ED-44A0-4C78-B476-9D7CE424F362}.Debug|x64.ActiveCfg = Debug|x64
		{02E448ED-44A0-4C78-B476-9D7CE424F362}.Debug|x64.Build.0 = Debug|x64
		{02E448ED-44A0-4C78-B476-9D7CE424F362}.Debug|x86.ActiveCfg = Debug|Win32
		{02E448ED-44A0-4C78-B476-9D7CE424F362}.Debug|x86.Build.0 = Debug|Win32
		{02E448ED-44A0-4C78-B476-9D7CE424F362}.Release|x64.ActiveCfg = Release|x64
		{02E448ED-44A0-4C78-B476-9D7CE424F362}.Release|x64.Build.0 = Release|x64
		{02E448ED-44A0-4C78-B476-9D7CE424F362}.Release|x86.ActiveCfg = Release|Win32
		{02E448ED-44A0-4C78-B476-9D7CE424F362}.Release|x86.Build.0 = Release|Win32
	EndGlobalSection
	GlobalSection(SolutionProperties) = preSolution
		HideSolutionNode = FALSE
	EndGlobalSection
	GlobalSection(ExtensibilityGlobals) = postSolution
		SolutionGuid = {F893C106-4142-4BCD-9587-715E3AB2AD3F}
	EndGlobalSection
EndGlobal
