<?xml version="1.0" encoding="utf-8"?>
<Project ToolsVersion="17.0" xmlns="http://schemas.microsoft.com/developer/msbuild/2003">
  <ItemGroup>
    <ClCompile Include="third_party\wavpack\src\common_utils.c">
      <Filter>Source Files</Filter>
    </ClCompile>
    <ClCompile Include="src\Common.cpp">
      <Filter>src</Filter>
    </ClCompile>
    <ClCompile Include="src\Encoders.cpp">
      <Filter>src</Filter>
    </ClCompile>
    <ClCompile Include="src\FlacDecoder.cpp">
      <Filter>src</Filter>
    </ClCompile>
    <ClCompile Include="src\FlacDependencies.c">
      <Filter>src</Filter>
    </ClCompile>
    <ClCompile Include="src\Mp3Decoder.cpp">
      <Filter>src</Filter>
    </ClCompile>
    <ClCompile Include="src\MusepackDecoder.cpp">
      <Filter>src</Filter>
    </ClCompile>
    <ClCompile Include="src\MusepackDependencies.c">
      <Filter>src</Filter>
    </ClCompile>
    <ClCompile Include="src\OpusDecoder.cpp">
      <Filter>src</Filter>
    </ClCompile>
    <ClCompile Include="src\OpusDependencies.c">
      <Filter>src</Filter>
    </ClCompile>
    <ClCompile Include="src\VorbisDecoder.cpp">
      <Filter>src</Filter>
    </ClCompile>
    <ClCompile Include="src\VorbisDependencies.c">
      <Filter>src</Filter>
    </ClCompile>
    <ClCompile Include="src\WavDecoder.cpp">
      <Filter>src</Filter>
    </ClCompile>
    <ClCompile Include="src\WavPackDecoder.cpp">
      <Filter>src</Filter>
    </ClCompile>
    <ClCompile Include="third_party\wavpack\src\decorr_utils.c" />
    <ClCompile Include="third_party\wavpack\src\entropy_utils.c" />
    <ClCompile Include="third_party\wavpack\src\extra1.c" />
    <ClCompile Include="third_party\wavpack\src\extra2.c" />
    <ClCompile Include="third_party\wavpack\src\open_filename.c" />
    <ClCompile Include="third_party\wavpack\src\open_legacy.c" />
    <ClCompile Include="third_party\wavpack\src\open_raw.c" />
    <ClCompile Include="third_party\wavpack\src\open_utils.c" />
    <ClCompile Include="third_party\wavpack\src\pack.c" />
    <ClCompile Include="third_party\wavpack\src\pack_dns.c" />
    <ClCompile Include="third_party\wavpack\src\pack_dsd.c" />
    <ClCompile Include="third_party\wavpack\src\pack_floats.c" />
    <ClCompile Include="third_party\wavpack\src\pack_utils.c" />
    <ClCompile Include="third_party\wavpack\src\read_words.c" />
    <ClCompile Include="third_party\wavpack\src\tag_utils.c" />
    <ClCompile Include="third_party\wavpack\src\tags.c" />
    <ClCompile Include="third_party\wavpack\src\unpack.c" />
    <ClCompile Include="third_party\wavpack\src\unpack3.c" />
    <ClCompile Include="third_party\wavpack\src\unpack3_open.c" />
    <ClCompile Include="third_party\wavpack\src\unpack3_seek.c" />
    <ClCompile Include="third_party\wavpack\src\unpack_dsd.c" />
    <ClCompile Include="third_party\wavpack\src\unpack_floats.c" />
    <ClCompile Include="third_party\wavpack\src\unpack_seek.c" />
    <ClCompile Include="third_party\wavpack\src\unpack_utils.c" />
    <ClCompile Include="third_party\wavpack\src\write_words.c" />
  </ItemGroup>
  <ItemGroup>
    <Filter Include="Header Files">
      <UniqueIdentifier>{D13EC247-FC4D-31AA-B830-3F38AAC1A70A}</UniqueIdentifier>
    </Filter>
    <Filter Include="Source Files">
      <UniqueIdentifier>{3DC4E608-E9C5-3627-A513-63EE7E806BA7}</UniqueIdentifier>
    </Filter>
    <Filter Include="src">
      <UniqueIdentifier>{FA63A56E-B440-3374-A648-18220386F9BC}</UniqueIdentifier>
    </Filter>
  </ItemGroup>
</Project>